
Microsoft Visual Studio Solution File, Format Version 12.00
# Visual Studio Version 16
VisualStudioVersion = 16.0.30427.197
MinimumVisualStudioVersion = 10.0.40219.1
Project("{9A19103F-16F7-4668-BE54-9A1E7A4F7556}") = "Obligatorio.Client", "Obl_Prog_Redes\Obligatorio.Client.csproj", "{CE826A1D-96A3-4BE9-ACC5-FB0237FD80A7}"
EndProject
Project("{9A19103F-16F7-4668-BE54-9A1E7A4F7556}") = "Common", "Protocoles\Common.csproj", "{424BBE8F-DA30-43D0-9E83-C7532F428326}"
EndProject
Project("{9A19103F-16F7-4668-BE54-9A1E7A4F7556}") = "Obligatorio.LogsServer", "Obligatorio.LogsServer\Obligatorio.LogsServer.csproj", "{FF0A0940-FC3D-4E43-899B-DBAB36DD3E39}"
EndProject
Project("{9A19103F-16F7-4668-BE54-9A1E7A4F7556}") = "Obligatorio.ServerInstafoto", "Obligatorio.ServerInstafoto\Obligatorio.ServerInstafoto.csproj", "{BCC3F3C3-E8E1-44C9-9A08-6EF08807DC2B}"
EndProject
Project("{9A19103F-16F7-4668-BE54-9A1E7A4F7556}") = "Obligatorio.AdminClient", "Obligatorio.AdminClient\Obligatorio.AdminClient.csproj", "{09C1BB00-753A-4232-8E18-4A34557103C5}"
EndProject
Project("{FAE04EC0-301F-11D3-BF4B-00C04F79EFBC}") = "LogServer", "LogServer\LogServer.csproj", "{310F49C8-6FEF-4B93-81EC-2E57EE0B819A}"
EndProject
Global
	GlobalSection(SolutionConfigurationPlatforms) = preSolution
		Debug|Any CPU = Debug|Any CPU
		Release|Any CPU = Release|Any CPU
	EndGlobalSection
	GlobalSection(ProjectConfigurationPlatforms) = postSolution
		{CE826A1D-96A3-4BE9-ACC5-FB0237FD80A7}.Debug|Any CPU.ActiveCfg = Debug|Any CPU
		{CE826A1D-96A3-4BE9-ACC5-FB0237FD80A7}.Debug|Any CPU.Build.0 = Debug|Any CPU
		{CE826A1D-96A3-4BE9-ACC5-FB0237FD80A7}.Release|Any CPU.ActiveCfg = Release|Any CPU
		{CE826A1D-96A3-4BE9-ACC5-FB0237FD80A7}.Release|Any CPU.Build.0 = Release|Any CPU
		{424BBE8F-DA30-43D0-9E83-C7532F428326}.Debug|Any CPU.ActiveCfg = Debug|Any CPU
		{424BBE8F-DA30-43D0-9E83-C7532F428326}.Debug|Any CPU.Build.0 = Debug|Any CPU
		{424BBE8F-DA30-43D0-9E83-C7532F428326}.Release|Any CPU.ActiveCfg = Release|Any CPU
		{424BBE8F-DA30-43D0-9E83-C7532F428326}.Release|Any CPU.Build.0 = Release|Any CPU
		{FF0A0940-FC3D-4E43-899B-DBAB36DD3E39}.Debug|Any CPU.ActiveCfg = Debug|Any CPU
		{FF0A0940-FC3D-4E43-899B-DBAB36DD3E39}.Debug|Any CPU.Build.0 = Debug|Any CPU
		{FF0A0940-FC3D-4E43-899B-DBAB36DD3E39}.Release|Any CPU.ActiveCfg = Release|Any CPU
		{FF0A0940-FC3D-4E43-899B-DBAB36DD3E39}.Release|Any CPU.Build.0 = Release|Any CPU
		{BCC3F3C3-E8E1-44C9-9A08-6EF08807DC2B}.Debug|Any CPU.ActiveCfg = Debug|Any CPU
		{BCC3F3C3-E8E1-44C9-9A08-6EF08807DC2B}.Debug|Any CPU.Build.0 = Debug|Any CPU
		{BCC3F3C3-E8E1-44C9-9A08-6EF08807DC2B}.Release|Any CPU.ActiveCfg = Release|Any CPU
		{BCC3F3C3-E8E1-44C9-9A08-6EF08807DC2B}.Release|Any CPU.Build.0 = Release|Any CPU
		{09C1BB00-753A-4232-8E18-4A34557103C5}.Debug|Any CPU.ActiveCfg = Debug|Any CPU
		{09C1BB00-753A-4232-8E18-4A34557103C5}.Debug|Any CPU.Build.0 = Debug|Any CPU
		{09C1BB00-753A-4232-8E18-4A34557103C5}.Release|Any CPU.ActiveCfg = Release|Any CPU
		{09C1BB00-753A-4232-8E18-4A34557103C5}.Release|Any CPU.Build.0 = Release|Any CPU
		{310F49C8-6FEF-4B93-81EC-2E57EE0B819A}.Debug|Any CPU.ActiveCfg = Debug|Any CPU
		{310F49C8-6FEF-4B93-81EC-2E57EE0B819A}.Debug|Any CPU.Build.0 = Debug|Any CPU
		{310F49C8-6FEF-4B93-81EC-2E57EE0B819A}.Release|Any CPU.ActiveCfg = Release|Any CPU
		{310F49C8-6FEF-4B93-81EC-2E57EE0B819A}.Release|Any CPU.Build.0 = Release|Any CPU
	EndGlobalSection
	GlobalSection(SolutionProperties) = preSolution
		HideSolutionNode = FALSE
	EndGlobalSection
	GlobalSection(ExtensibilityGlobals) = postSolution
		SolutionGuid = {DE2AB26F-B34D-467D-AF29-819B9182F02B}
	EndGlobalSection
EndGlobal
